// !$*UTF8*$!
{
	archiveVersion = 1;
	classes = {
	};
	objectVersion = 48;
	objects = {

/* Begin PBXBuildFile section */
		114CF59D1FE250BD004B5701 /* LoginViewController.m in Sources */ = {isa = PBXBuildFile; fileRef = 114CF59C1FE250BD004B5701 /* LoginViewController.m */; };
		114CF5A01FE258C2004B5701 /* UIImage+Color.m in Sources */ = {isa = PBXBuildFile; fileRef = 114CF59F1FE258C2004B5701 /* UIImage+Color.m */; };
		114CF5A31FE26AEA004B5701 /* RegisterViewController.m in Sources */ = {isa = PBXBuildFile; fileRef = 114CF5A21FE26AEA004B5701 /* RegisterViewController.m */; };
		114CF5A71FE26C74004B5701 /* HomeViewController.m in Sources */ = {isa = PBXBuildFile; fileRef = 114CF5A61FE26C74004B5701 /* HomeViewController.m */; };
		114CF5B21FE27718004B5701 /* HomeCell.m in Sources */ = {isa = PBXBuildFile; fileRef = 114CF5B11FE27718004B5701 /* HomeCell.m */; };
		114CF5D41FE39334004B5701 /* CommonListViewController.m in Sources */ = {isa = PBXBuildFile; fileRef = 114CF5D31FE39334004B5701 /* CommonListViewController.m */; };
		114CF5D71FE39DBF004B5701 /* CommonListCell.m in Sources */ = {isa = PBXBuildFile; fileRef = 114CF5D61FE39DBF004B5701 /* CommonListCell.m */; };
		114CF5DD1FE3B35D004B5701 /* ItemDetailsViewController.m in Sources */ = {isa = PBXBuildFile; fileRef = 114CF5DC1FE3B35D004B5701 /* ItemDetailsViewController.m */; };
		114CF5E01FE3C7ED004B5701 /* HotNewsViewController.m in Sources */ = {isa = PBXBuildFile; fileRef = 114CF5DF1FE3C7ED004B5701 /* HotNewsViewController.m */; };
		114CF5E31FE3CAFA004B5701 /* AppealViewController.m in Sources */ = {isa = PBXBuildFile; fileRef = 114CF5E21FE3CAFA004B5701 /* AppealViewController.m */; };
		114CF5E71FE4E2C8004B5701 /* AppealCell.m in Sources */ = {isa = PBXBuildFile; fileRef = 114CF5E51FE4E2C8004B5701 /* AppealCell.m */; };
		114CF5E81FE4E2C8004B5701 /* AppealCell.xib in Resources */ = {isa = PBXBuildFile; fileRef = 114CF5E61FE4E2C8004B5701 /* AppealCell.xib */; };
		114CF5EB1FE4F535004B5701 /* SelectionView.m in Sources */ = {isa = PBXBuildFile; fileRef = 114CF5EA1FE4F535004B5701 /* SelectionView.m */; };
		114CF5EF1FE502C5004B5701 /* AddCommitController.m in Sources */ = {isa = PBXBuildFile; fileRef = 114CF5ED1FE502C5004B5701 /* AddCommitController.m */; };
		114CF5F01FE502C5004B5701 /* AddCommitController.xib in Resources */ = {isa = PBXBuildFile; fileRef = 114CF5EE1FE502C5004B5701 /* AddCommitController.xib */; };
		11FE0AEC1FE21E1200D10A5C /* ImageCenterButton.m in Sources */ = {isa = PBXBuildFile; fileRef = 11FE0AC51FE21E1100D10A5C /* ImageCenterButton.m */; };
		11FE0AED1FE21E1200D10A5C /* KRBaseTool.m in Sources */ = {isa = PBXBuildFile; fileRef = 11FE0AC71FE21E1100D10A5C /* KRBaseTool.m */; };
		11FE0AEE1FE21E1200D10A5C /* KRMainNetTool.m in Sources */ = {isa = PBXBuildFile; fileRef = 11FE0AC91FE21E1100D10A5C /* KRMainNetTool.m */; };
		11FE0AEF1FE21E1200D10A5C /* KRUserInfo.m in Sources */ = {isa = PBXBuildFile; fileRef = 11FE0ACB1FE21E1100D10A5C /* KRUserInfo.m */; };
		11FE0AF01FE21E1200D10A5C /* NSString+LocaString.m in Sources */ = {isa = PBXBuildFile; fileRef = 11FE0ACE1FE21E1100D10A5C /* NSString+LocaString.m */; };
		11FE0AF21FE21E1200D10A5C /* TYPagerController.m in Sources */ = {isa = PBXBuildFile; fileRef = 11FE0AD41FE21E1100D10A5C /* TYPagerController.m */; };
		11FE0AF31FE21E1200D10A5C /* TYTabButtonPagerController.m in Sources */ = {isa = PBXBuildFile; fileRef = 11FE0AD61FE21E1100D10A5C /* TYTabButtonPagerController.m */; };
		11FE0AF41FE21E1200D10A5C /* TYTabPagerController.m in Sources */ = {isa = PBXBuildFile; fileRef = 11FE0AD81FE21E1100D10A5C /* TYTabPagerController.m */; };
		11FE0AF51FE21E1200D10A5C /* TYTabTitleViewCell.m in Sources */ = {isa = PBXBuildFile; fileRef = 11FE0ADB1FE21E1100D10A5C /* TYTabTitleViewCell.m */; };
		11FE0AF61FE21E1200D10A5C /* YHArcSlider.m in Sources */ = {isa = PBXBuildFile; fileRef = 11FE0ADD1FE21E1100D10A5C /* YHArcSlider.m */; };
		11FE0AF71FE21E1200D10A5C /* YHMath.m in Sources */ = {isa = PBXBuildFile; fileRef = 11FE0ADF1FE21E1100D10A5C /* YHMath.m */; };
		11FE0AF81FE21E1200D10A5C /* MBProgressHUD+KR.m in Sources */ = {isa = PBXBuildFile; fileRef = 11FE0AE21FE21E1100D10A5C /* MBProgressHUD+KR.m */; };
		11FE0AF91FE21E1200D10A5C /* MBProgressHUD.bundle in Resources */ = {isa = PBXBuildFile; fileRef = 11FE0AE31FE21E1100D10A5C /* MBProgressHUD.bundle */; };
		11FE0AFA1FE21E1200D10A5C /* NSObject+KRExtention.m in Sources */ = {isa = PBXBuildFile; fileRef = 11FE0AE51FE21E1100D10A5C /* NSObject+KRExtention.m */; };
		11FE0AFB1FE21E1200D10A5C /* NSString+CZNSStringExt.m in Sources */ = {isa = PBXBuildFile; fileRef = 11FE0AE71FE21E1100D10A5C /* NSString+CZNSStringExt.m */; };
		11FE0AFC1FE21E1200D10A5C /* UITableView+KREmptyData.m in Sources */ = {isa = PBXBuildFile; fileRef = 11FE0AE91FE21E1100D10A5C /* UITableView+KREmptyData.m */; };
		11FE0AFD1FE21E1200D10A5C /* UIView+BorderLine.m in Sources */ = {isa = PBXBuildFile; fileRef = 11FE0AEB1FE21E1100D10A5C /* UIView+BorderLine.m */; };
		11FE0B031FE21E2100D10A5C /* BaseNaviViewController.m in Sources */ = {isa = PBXBuildFile; fileRef = 11FE0B001FE21E2100D10A5C /* BaseNaviViewController.m */; };
		11FE0B041FE21E2100D10A5C /* BaseViewController.m in Sources */ = {isa = PBXBuildFile; fileRef = 11FE0B021FE21E2100D10A5C /* BaseViewController.m */; };
		11FE0B0D1FE21F6900D10A5C /* CALayer+CircleBoard.m in Sources */ = {isa = PBXBuildFile; fileRef = 11FE0B0A1FE21F6800D10A5C /* CALayer+CircleBoard.m */; };
		11FE0B0E1FE21F6900D10A5C /* UIView+EX.m in Sources */ = {isa = PBXBuildFile; fileRef = 11FE0B0C1FE21F6800D10A5C /* UIView+EX.m */; };
		1A1A4D6C1FE4CE2100C66AA3 /* BussinCollectionViewCell.m in Sources */ = {isa = PBXBuildFile; fileRef = 1A1A4D6A1FE4CE2100C66AA3 /* BussinCollectionViewCell.m */; };
		1A1A4D6D1FE4CE2100C66AA3 /* BussinCollectionViewCell.xib in Resources */ = {isa = PBXBuildFile; fileRef = 1A1A4D6B1FE4CE2100C66AA3 /* BussinCollectionViewCell.xib */; };
		1A1A4D711FE4D8D300C66AA3 /* GoodsDetailViewController.m in Sources */ = {isa = PBXBuildFile; fileRef = 1A1A4D6F1FE4D8D300C66AA3 /* GoodsDetailViewController.m */; };
		1A1A4D721FE4D8D300C66AA3 /* GoodsDetailViewController.xib in Resources */ = {isa = PBXBuildFile; fileRef = 1A1A4D701FE4D8D300C66AA3 /* GoodsDetailViewController.xib */; };
		1A61F7F61FE750C900C07E7C /* PublicCollectionViewCell.m in Sources */ = {isa = PBXBuildFile; fileRef = 1A61F7F41FE750C900C07E7C /* PublicCollectionViewCell.m */; };
		1A61F7F71FE750C900C07E7C /* PublicCollectionViewCell.xib in Resources */ = {isa = PBXBuildFile; fileRef = 1A61F7F51FE750C900C07E7C /* PublicCollectionViewCell.xib */; };
		1A61F7FA1FE75B9900C07E7C /* BaseWebViewController.m in Sources */ = {isa = PBXBuildFile; fileRef = 1A61F7F91FE75B9900C07E7C /* BaseWebViewController.m */; };
		1A6304A51FE2196400AE1751 /* AppDelegate.m in Sources */ = {isa = PBXBuildFile; fileRef = 1A6304A41FE2196400AE1751 /* AppDelegate.m */; };
		1A6304AD1FE2196400AE1751 /* Assets.xcassets in Resources */ = {isa = PBXBuildFile; fileRef = 1A6304AC1FE2196400AE1751 /* Assets.xcassets */; };
		1A6304B31FE2196400AE1751 /* main.m in Sources */ = {isa = PBXBuildFile; fileRef = 1A6304B21FE2196400AE1751 /* main.m */; };
		1A6304BE1FE26F1B00AE1751 /* BaseTabbarViewController.m in Sources */ = {isa = PBXBuildFile; fileRef = 1A6304BD1FE26F1B00AE1751 /* BaseTabbarViewController.m */; };
		1A6304C41FE2739C00AE1751 /* MineViewController.m in Sources */ = {isa = PBXBuildFile; fileRef = 1A6304C31FE2739C00AE1751 /* MineViewController.m */; };
		1A6304C71FE273A800AE1751 /* BussinessViewController.m in Sources */ = {isa = PBXBuildFile; fileRef = 1A6304C61FE273A800AE1751 /* BussinessViewController.m */; };
		1A6304CA1FE273B300AE1751 /* PublickViewController.m in Sources */ = {isa = PBXBuildFile; fileRef = 1A6304C91FE273B300AE1751 /* PublickViewController.m */; };
		1A6304CE1FE2790D00AE1751 /* BussItemBtnView.m in Sources */ = {isa = PBXBuildFile; fileRef = 1A6304CD1FE2790D00AE1751 /* BussItemBtnView.m */; };
		1A6304D01FE2791500AE1751 /* BussItemBtnView.xib in Resources */ = {isa = PBXBuildFile; fileRef = 1A6304CF1FE2791500AE1751 /* BussItemBtnView.xib */; };
		1A6304D91FE3A41F00AE1751 /* BussinessTableViewCell.m in Sources */ = {isa = PBXBuildFile; fileRef = 1A6304D81FE3A41F00AE1751 /* BussinessTableViewCell.m */; };
		1A6304DD1FE3ACDB00AE1751 /* BussinessSubViewController.m in Sources */ = {isa = PBXBuildFile; fileRef = 1A6304DB1FE3ACDB00AE1751 /* BussinessSubViewController.m */; };
		1A6304DE1FE3ACDB00AE1751 /* BussinessSubViewController.xib in Resources */ = {isa = PBXBuildFile; fileRef = 1A6304DC1FE3ACDB00AE1751 /* BussinessSubViewController.xib */; };
		1A8F9EDA1FE56DB400B062B1 /* PGIndexBannerSubiew.m in Sources */ = {isa = PBXBuildFile; fileRef = 1A8F9ED61FE56DB400B062B1 /* PGIndexBannerSubiew.m */; };
		1A8F9EDB1FE56DB400B062B1 /* NewPagedFlowView.m in Sources */ = {isa = PBXBuildFile; fileRef = 1A8F9ED71FE56DB400B062B1 /* NewPagedFlowView.m */; };
		1A8F9EDE1FE657B400B062B1 /* CBSegmentView.m in Sources */ = {isa = PBXBuildFile; fileRef = 1A8F9EDD1FE657B300B062B1 /* CBSegmentView.m */; };
		2F009ED99ED1713A8D96FC3A /* libPods-WisdomRiver.a in Frameworks */ = {isa = PBXBuildFile; fileRef = C1C4FF3A16DAF878FEC03101 /* libPods-WisdomRiver.a */; };
/* End PBXBuildFile section */

/* Begin PBXFileReference section */
		114CF59B1FE250BD004B5701 /* LoginViewController.h */ = {isa = PBXFileReference; lastKnownFileType = sourcecode.c.h; path = LoginViewController.h; sourceTree = "<group>"; };
		114CF59C1FE250BD004B5701 /* LoginViewController.m */ = {isa = PBXFileReference; lastKnownFileType = sourcecode.c.objc; path = LoginViewController.m; sourceTree = "<group>"; };
		114CF59E1FE258C2004B5701 /* UIImage+Color.h */ = {isa = PBXFileReference; lastKnownFileType = sourcecode.c.h; path = "UIImage+Color.h"; sourceTree = "<group>"; };
		114CF59F1FE258C2004B5701 /* UIImage+Color.m */ = {isa = PBXFileReference; lastKnownFileType = sourcecode.c.objc; path = "UIImage+Color.m"; sourceTree = "<group>"; };
		114CF5A11FE26AEA004B5701 /* RegisterViewController.h */ = {isa = PBXFileReference; lastKnownFileType = sourcecode.c.h; path = RegisterViewController.h; sourceTree = "<group>"; };
		114CF5A21FE26AEA004B5701 /* RegisterViewController.m */ = {isa = PBXFileReference; lastKnownFileType = sourcecode.c.objc; path = RegisterViewController.m; sourceTree = "<group>"; };
		114CF5A51FE26C74004B5701 /* HomeViewController.h */ = {isa = PBXFileReference; lastKnownFileType = sourcecode.c.h; path = HomeViewController.h; sourceTree = "<group>"; };
		114CF5A61FE26C74004B5701 /* HomeViewController.m */ = {isa = PBXFileReference; lastKnownFileType = sourcecode.c.objc; path = HomeViewController.m; sourceTree = "<group>"; };
		114CF5B01FE27718004B5701 /* HomeCell.h */ = {isa = PBXFileReference; lastKnownFileType = sourcecode.c.h; path = HomeCell.h; sourceTree = "<group>"; };
		114CF5B11FE27718004B5701 /* HomeCell.m */ = {isa = PBXFileReference; lastKnownFileType = sourcecode.c.objc; path = HomeCell.m; sourceTree = "<group>"; };
		114CF5B71FE2B581004B5701 /* PGIndexBannerSubiew.m */ = {isa = PBXFileReference; fileEncoding = 4; lastKnownFileType = sourcecode.c.objc; path = PGIndexBannerSubiew.m; sourceTree = "<group>"; };
		114CF5D21FE39334004B5701 /* CommonListViewController.h */ = {isa = PBXFileReference; lastKnownFileType = sourcecode.c.h; path = CommonListViewController.h; sourceTree = "<group>"; };
		114CF5D31FE39334004B5701 /* CommonListViewController.m */ = {isa = PBXFileReference; lastKnownFileType = sourcecode.c.objc; path = CommonListViewController.m; sourceTree = "<group>"; };
		114CF5D51FE39DBF004B5701 /* CommonListCell.h */ = {isa = PBXFileReference; lastKnownFileType = sourcecode.c.h; path = CommonListCell.h; sourceTree = "<group>"; };
		114CF5D61FE39DBF004B5701 /* CommonListCell.m */ = {isa = PBXFileReference; lastKnownFileType = sourcecode.c.objc; path = CommonListCell.m; sourceTree = "<group>"; };
		114CF5DB1FE3B35D004B5701 /* ItemDetailsViewController.h */ = {isa = PBXFileReference; lastKnownFileType = sourcecode.c.h; path = ItemDetailsViewController.h; sourceTree = "<group>"; };
		114CF5DC1FE3B35D004B5701 /* ItemDetailsViewController.m */ = {isa = PBXFileReference; lastKnownFileType = sourcecode.c.objc; path = ItemDetailsViewController.m; sourceTree = "<group>"; };
		114CF5DE1FE3C7ED004B5701 /* HotNewsViewController.h */ = {isa = PBXFileReference; lastKnownFileType = sourcecode.c.h; path = HotNewsViewController.h; sourceTree = "<group>"; };
		114CF5DF1FE3C7ED004B5701 /* HotNewsViewController.m */ = {isa = PBXFileReference; lastKnownFileType = sourcecode.c.objc; path = HotNewsViewController.m; sourceTree = "<group>"; };
		114CF5E11FE3CAFA004B5701 /* AppealViewController.h */ = {isa = PBXFileReference; lastKnownFileType = sourcecode.c.h; path = AppealViewController.h; sourceTree = "<group>"; };
		114CF5E21FE3CAFA004B5701 /* AppealViewController.m */ = {isa = PBXFileReference; lastKnownFileType = sourcecode.c.objc; path = AppealViewController.m; sourceTree = "<group>"; };
		114CF5E41FE4E2C8004B5701 /* AppealCell.h */ = {isa = PBXFileReference; lastKnownFileType = sourcecode.c.h; path = AppealCell.h; sourceTree = "<group>"; };
		114CF5E51FE4E2C8004B5701 /* AppealCell.m */ = {isa = PBXFileReference; lastKnownFileType = sourcecode.c.objc; path = AppealCell.m; sourceTree = "<group>"; };
		114CF5E61FE4E2C8004B5701 /* AppealCell.xib */ = {isa = PBXFileReference; lastKnownFileType = file.xib; path = AppealCell.xib; sourceTree = "<group>"; };
		114CF5E91FE4F535004B5701 /* SelectionView.h */ = {isa = PBXFileReference; lastKnownFileType = sourcecode.c.h; path = SelectionView.h; sourceTree = "<group>"; };
		114CF5EA1FE4F535004B5701 /* SelectionView.m */ = {isa = PBXFileReference; lastKnownFileType = sourcecode.c.objc; path = SelectionView.m; sourceTree = "<group>"; };
		114CF5EC1FE502C5004B5701 /* AddCommitController.h */ = {isa = PBXFileReference; lastKnownFileType = sourcecode.c.h; path = AddCommitController.h; sourceTree = "<group>"; };
		114CF5ED1FE502C5004B5701 /* AddCommitController.m */ = {isa = PBXFileReference; lastKnownFileType = sourcecode.c.objc; path = AddCommitController.m; sourceTree = "<group>"; };
		114CF5EE1FE502C5004B5701 /* AddCommitController.xib */ = {isa = PBXFileReference; lastKnownFileType = file.xib; path = AddCommitController.xib; sourceTree = "<group>"; };
		11FE0AC41FE21E1100D10A5C /* ImageCenterButton.h */ = {isa = PBXFileReference; fileEncoding = 4; lastKnownFileType = sourcecode.c.h; path = ImageCenterButton.h; sourceTree = "<group>"; };
		11FE0AC51FE21E1100D10A5C /* ImageCenterButton.m */ = {isa = PBXFileReference; fileEncoding = 4; lastKnownFileType = sourcecode.c.objc; path = ImageCenterButton.m; sourceTree = "<group>"; };
		11FE0AC61FE21E1100D10A5C /* KRBaseTool.h */ = {isa = PBXFileReference; fileEncoding = 4; lastKnownFileType = sourcecode.c.h; path = KRBaseTool.h; sourceTree = "<group>"; };
		11FE0AC71FE21E1100D10A5C /* KRBaseTool.m */ = {isa = PBXFileReference; fileEncoding = 4; lastKnownFileType = sourcecode.c.objc; path = KRBaseTool.m; sourceTree = "<group>"; };
		11FE0AC81FE21E1100D10A5C /* KRMainNetTool.h */ = {isa = PBXFileReference; fileEncoding = 4; lastKnownFileType = sourcecode.c.h; path = KRMainNetTool.h; sourceTree = "<group>"; };
		11FE0AC91FE21E1100D10A5C /* KRMainNetTool.m */ = {isa = PBXFileReference; fileEncoding = 4; lastKnownFileType = sourcecode.c.objc; path = KRMainNetTool.m; sourceTree = "<group>"; };
		11FE0ACA1FE21E1100D10A5C /* KRUserInfo.h */ = {isa = PBXFileReference; fileEncoding = 4; lastKnownFileType = sourcecode.c.h; path = KRUserInfo.h; sourceTree = "<group>"; };
		11FE0ACB1FE21E1100D10A5C /* KRUserInfo.m */ = {isa = PBXFileReference; fileEncoding = 4; lastKnownFileType = sourcecode.c.objc; path = KRUserInfo.m; sourceTree = "<group>"; };
		11FE0ACC1FE21E1100D10A5C /* LRMacroDefinitionHeader.h */ = {isa = PBXFileReference; fileEncoding = 4; lastKnownFileType = sourcecode.c.h; path = LRMacroDefinitionHeader.h; sourceTree = "<group>"; };
		11FE0ACD1FE21E1100D10A5C /* NSString+LocaString.h */ = {isa = PBXFileReference; fileEncoding = 4; lastKnownFileType = sourcecode.c.h; path = "NSString+LocaString.h"; sourceTree = "<group>"; };
		11FE0ACE1FE21E1100D10A5C /* NSString+LocaString.m */ = {isa = PBXFileReference; fileEncoding = 4; lastKnownFileType = sourcecode.c.objc; path = "NSString+LocaString.m"; sourceTree = "<group>"; };
		11FE0ACF1FE21E1100D10A5C /* Singleton.h */ = {isa = PBXFileReference; fileEncoding = 4; lastKnownFileType = sourcecode.c.h; path = Singleton.h; sourceTree = "<group>"; };
		11FE0AD31FE21E1100D10A5C /* TYPagerController.h */ = {isa = PBXFileReference; fileEncoding = 4; lastKnownFileType = sourcecode.c.h; path = TYPagerController.h; sourceTree = "<group>"; };
		11FE0AD41FE21E1100D10A5C /* TYPagerController.m */ = {isa = PBXFileReference; fileEncoding = 4; lastKnownFileType = sourcecode.c.objc; path = TYPagerController.m; sourceTree = "<group>"; };
		11FE0AD51FE21E1100D10A5C /* TYTabButtonPagerController.h */ = {isa = PBXFileReference; fileEncoding = 4; lastKnownFileType = sourcecode.c.h; path = TYTabButtonPagerController.h; sourceTree = "<group>"; };
		11FE0AD61FE21E1100D10A5C /* TYTabButtonPagerController.m */ = {isa = PBXFileReference; fileEncoding = 4; lastKnownFileType = sourcecode.c.objc; path = TYTabButtonPagerController.m; sourceTree = "<group>"; };
		11FE0AD71FE21E1100D10A5C /* TYTabPagerController.h */ = {isa = PBXFileReference; fileEncoding = 4; lastKnownFileType = sourcecode.c.h; path = TYTabPagerController.h; sourceTree = "<group>"; };
		11FE0AD81FE21E1100D10A5C /* TYTabPagerController.m */ = {isa = PBXFileReference; fileEncoding = 4; lastKnownFileType = sourcecode.c.objc; path = TYTabPagerController.m; sourceTree = "<group>"; };
		11FE0AD91FE21E1100D10A5C /* TYTabTitleCellProtocol.h */ = {isa = PBXFileReference; fileEncoding = 4; lastKnownFileType = sourcecode.c.h; path = TYTabTitleCellProtocol.h; sourceTree = "<group>"; };
		11FE0ADA1FE21E1100D10A5C /* TYTabTitleViewCell.h */ = {isa = PBXFileReference; fileEncoding = 4; lastKnownFileType = sourcecode.c.h; path = TYTabTitleViewCell.h; sourceTree = "<group>"; };
		11FE0ADB1FE21E1100D10A5C /* TYTabTitleViewCell.m */ = {isa = PBXFileReference; fileEncoding = 4; lastKnownFileType = sourcecode.c.objc; path = TYTabTitleViewCell.m; sourceTree = "<group>"; };
		11FE0ADC1FE21E1100D10A5C /* YHArcSlider.h */ = {isa = PBXFileReference; fileEncoding = 4; lastKnownFileType = sourcecode.c.h; path = YHArcSlider.h; sourceTree = "<group>"; };
		11FE0ADD1FE21E1100D10A5C /* YHArcSlider.m */ = {isa = PBXFileReference; fileEncoding = 4; lastKnownFileType = sourcecode.c.objc; path = YHArcSlider.m; sourceTree = "<group>"; };
		11FE0ADE1FE21E1100D10A5C /* YHMath.h */ = {isa = PBXFileReference; fileEncoding = 4; lastKnownFileType = sourcecode.c.h; path = YHMath.h; sourceTree = "<group>"; };
		11FE0ADF1FE21E1100D10A5C /* YHMath.m */ = {isa = PBXFileReference; fileEncoding = 4; lastKnownFileType = sourcecode.c.objc; path = YHMath.m; sourceTree = "<group>"; };
		11FE0AE11FE21E1100D10A5C /* MBProgressHUD+KR.h */ = {isa = PBXFileReference; fileEncoding = 4; lastKnownFileType = sourcecode.c.h; path = "MBProgressHUD+KR.h"; sourceTree = "<group>"; };
		11FE0AE21FE21E1100D10A5C /* MBProgressHUD+KR.m */ = {isa = PBXFileReference; fileEncoding = 4; lastKnownFileType = sourcecode.c.objc; path = "MBProgressHUD+KR.m"; sourceTree = "<group>"; };
		11FE0AE31FE21E1100D10A5C /* MBProgressHUD.bundle */ = {isa = PBXFileReference; lastKnownFileType = "wrapper.plug-in"; path = MBProgressHUD.bundle; sourceTree = "<group>"; };
		11FE0AE41FE21E1100D10A5C /* NSObject+KRExtention.h */ = {isa = PBXFileReference; fileEncoding = 4; lastKnownFileType = sourcecode.c.h; path = "NSObject+KRExtention.h"; sourceTree = "<group>"; };
		11FE0AE51FE21E1100D10A5C /* NSObject+KRExtention.m */ = {isa = PBXFileReference; fileEncoding = 4; lastKnownFileType = sourcecode.c.objc; path = "NSObject+KRExtention.m"; sourceTree = "<group>"; };
		11FE0AE61FE21E1100D10A5C /* NSString+CZNSStringExt.h */ = {isa = PBXFileReference; fileEncoding = 4; lastKnownFileType = sourcecode.c.h; path = "NSString+CZNSStringExt.h"; sourceTree = "<group>"; };
		11FE0AE71FE21E1100D10A5C /* NSString+CZNSStringExt.m */ = {isa = PBXFileReference; fileEncoding = 4; lastKnownFileType = sourcecode.c.objc; path = "NSString+CZNSStringExt.m"; sourceTree = "<group>"; };
		11FE0AE81FE21E1100D10A5C /* UITableView+KREmptyData.h */ = {isa = PBXFileReference; fileEncoding = 4; lastKnownFileType = sourcecode.c.h; path = "UITableView+KREmptyData.h"; sourceTree = "<group>"; };
		11FE0AE91FE21E1100D10A5C /* UITableView+KREmptyData.m */ = {isa = PBXFileReference; fileEncoding = 4; lastKnownFileType = sourcecode.c.objc; path = "UITableView+KREmptyData.m"; sourceTree = "<group>"; };
		11FE0AEA1FE21E1100D10A5C /* UIView+BorderLine.h */ = {isa = PBXFileReference; fileEncoding = 4; lastKnownFileType = sourcecode.c.h; path = "UIView+BorderLine.h"; sourceTree = "<group>"; };
		11FE0AEB1FE21E1100D10A5C /* UIView+BorderLine.m */ = {isa = PBXFileReference; fileEncoding = 4; lastKnownFileType = sourcecode.c.objc; path = "UIView+BorderLine.m"; sourceTree = "<group>"; };
		11FE0AFF1FE21E2100D10A5C /* BaseNaviViewController.h */ = {isa = PBXFileReference; fileEncoding = 4; lastKnownFileType = sourcecode.c.h; path = BaseNaviViewController.h; sourceTree = "<group>"; };
		11FE0B001FE21E2100D10A5C /* BaseNaviViewController.m */ = {isa = PBXFileReference; fileEncoding = 4; lastKnownFileType = sourcecode.c.objc; path = BaseNaviViewController.m; sourceTree = "<group>"; };
		11FE0B011FE21E2100D10A5C /* BaseViewController.h */ = {isa = PBXFileReference; fileEncoding = 4; lastKnownFileType = sourcecode.c.h; path = BaseViewController.h; sourceTree = "<group>"; };
		11FE0B021FE21E2100D10A5C /* BaseViewController.m */ = {isa = PBXFileReference; fileEncoding = 4; lastKnownFileType = sourcecode.c.objc; path = BaseViewController.m; sourceTree = "<group>"; };
		11FE0B051FE21E6200D10A5C /* PrefixHeader.pch */ = {isa = PBXFileReference; lastKnownFileType = sourcecode.c.h; path = PrefixHeader.pch; sourceTree = "<group>"; };
		11FE0B071FE21F3A00D10A5C /* Url.h */ = {isa = PBXFileReference; fileEncoding = 4; lastKnownFileType = sourcecode.c.h; path = Url.h; sourceTree = "<group>"; };
		11FE0B091FE21F6800D10A5C /* CALayer+CircleBoard.h */ = {isa = PBXFileReference; fileEncoding = 4; lastKnownFileType = sourcecode.c.h; path = "CALayer+CircleBoard.h"; sourceTree = "<group>"; };
		11FE0B0A1FE21F6800D10A5C /* CALayer+CircleBoard.m */ = {isa = PBXFileReference; fileEncoding = 4; lastKnownFileType = sourcecode.c.objc; path = "CALayer+CircleBoard.m"; sourceTree = "<group>"; };
		11FE0B0B1FE21F6800D10A5C /* UIView+EX.h */ = {isa = PBXFileReference; fileEncoding = 4; lastKnownFileType = sourcecode.c.h; path = "UIView+EX.h"; sourceTree = "<group>"; };
		11FE0B0C1FE21F6800D10A5C /* UIView+EX.m */ = {isa = PBXFileReference; fileEncoding = 4; lastKnownFileType = sourcecode.c.objc; path = "UIView+EX.m"; sourceTree = "<group>"; };
		1A1A4D691FE4CE2100C66AA3 /* BussinCollectionViewCell.h */ = {isa = PBXFileReference; lastKnownFileType = sourcecode.c.h; path = BussinCollectionViewCell.h; sourceTree = "<group>"; };
		1A1A4D6A1FE4CE2100C66AA3 /* BussinCollectionViewCell.m */ = {isa = PBXFileReference; lastKnownFileType = sourcecode.c.objc; path = BussinCollectionViewCell.m; sourceTree = "<group>"; };
		1A1A4D6B1FE4CE2100C66AA3 /* BussinCollectionViewCell.xib */ = {isa = PBXFileReference; lastKnownFileType = file.xib; path = BussinCollectionViewCell.xib; sourceTree = "<group>"; };
		1A1A4D6E1FE4D8D300C66AA3 /* GoodsDetailViewController.h */ = {isa = PBXFileReference; lastKnownFileType = sourcecode.c.h; path = GoodsDetailViewController.h; sourceTree = "<group>"; };
		1A1A4D6F1FE4D8D300C66AA3 /* GoodsDetailViewController.m */ = {isa = PBXFileReference; lastKnownFileType = sourcecode.c.objc; path = GoodsDetailViewController.m; sourceTree = "<group>"; };
		1A1A4D701FE4D8D300C66AA3 /* GoodsDetailViewController.xib */ = {isa = PBXFileReference; lastKnownFileType = file.xib; path = GoodsDetailViewController.xib; sourceTree = "<group>"; };
		1A61F7F31FE750C900C07E7C /* PublicCollectionViewCell.h */ = {isa = PBXFileReference; lastKnownFileType = sourcecode.c.h; path = PublicCollectionViewCell.h; sourceTree = "<group>"; };
		1A61F7F41FE750C900C07E7C /* PublicCollectionViewCell.m */ = {isa = PBXFileReference; lastKnownFileType = sourcecode.c.objc; path = PublicCollectionViewCell.m; sourceTree = "<group>"; };
		1A61F7F51FE750C900C07E7C /* PublicCollectionViewCell.xib */ = {isa = PBXFileReference; lastKnownFileType = file.xib; path = PublicCollectionViewCell.xib; sourceTree = "<group>"; };
		1A61F7F81FE75B9900C07E7C /* BaseWebViewController.h */ = {isa = PBXFileReference; lastKnownFileType = sourcecode.c.h; path = BaseWebViewController.h; sourceTree = "<group>"; };
		1A61F7F91FE75B9900C07E7C /* BaseWebViewController.m */ = {isa = PBXFileReference; lastKnownFileType = sourcecode.c.objc; path = BaseWebViewController.m; sourceTree = "<group>"; };
		1A6304A01FE2196400AE1751 /* WisdomRiver.app */ = {isa = PBXFileReference; explicitFileType = wrapper.application; includeInIndex = 0; path = WisdomRiver.app; sourceTree = BUILT_PRODUCTS_DIR; };
		1A6304A31FE2196400AE1751 /* AppDelegate.h */ = {isa = PBXFileReference; lastKnownFileType = sourcecode.c.h; path = AppDelegate.h; sourceTree = "<group>"; };
		1A6304A41FE2196400AE1751 /* AppDelegate.m */ = {isa = PBXFileReference; lastKnownFileType = sourcecode.c.objc; path = AppDelegate.m; sourceTree = "<group>"; };
		1A6304AC1FE2196400AE1751 /* Assets.xcassets */ = {isa = PBXFileReference; lastKnownFileType = folder.assetcatalog; path = Assets.xcassets; sourceTree = "<group>"; };
		1A6304B11FE2196400AE1751 /* Info.plist */ = {isa = PBXFileReference; lastKnownFileType = text.plist.xml; path = Info.plist; sourceTree = "<group>"; };
		1A6304B21FE2196400AE1751 /* main.m */ = {isa = PBXFileReference; lastKnownFileType = sourcecode.c.objc; path = main.m; sourceTree = "<group>"; };
		1A6304BC1FE26F1B00AE1751 /* BaseTabbarViewController.h */ = {isa = PBXFileReference; lastKnownFileType = sourcecode.c.h; path = BaseTabbarViewController.h; sourceTree = "<group>"; };
		1A6304BD1FE26F1B00AE1751 /* BaseTabbarViewController.m */ = {isa = PBXFileReference; lastKnownFileType = sourcecode.c.objc; path = BaseTabbarViewController.m; sourceTree = "<group>"; };
		1A6304C21FE2739C00AE1751 /* MineViewController.h */ = {isa = PBXFileReference; lastKnownFileType = sourcecode.c.h; path = MineViewController.h; sourceTree = "<group>"; };
		1A6304C31FE2739C00AE1751 /* MineViewController.m */ = {isa = PBXFileReference; lastKnownFileType = sourcecode.c.objc; path = MineViewController.m; sourceTree = "<group>"; };
		1A6304C51FE273A800AE1751 /* BussinessViewController.h */ = {isa = PBXFileReference; lastKnownFileType = sourcecode.c.h; path = BussinessViewController.h; sourceTree = "<group>"; };
		1A6304C61FE273A800AE1751 /* BussinessViewController.m */ = {isa = PBXFileReference; lastKnownFileType = sourcecode.c.objc; path = BussinessViewController.m; sourceTree = "<group>"; };
		1A6304C81FE273B300AE1751 /* PublickViewController.h */ = {isa = PBXFileReference; lastKnownFileType = sourcecode.c.h; path = PublickViewController.h; sourceTree = "<group>"; };
		1A6304C91FE273B300AE1751 /* PublickViewController.m */ = {isa = PBXFileReference; lastKnownFileType = sourcecode.c.objc; path = PublickViewController.m; sourceTree = "<group>"; };
		1A6304CC1FE2790D00AE1751 /* BussItemBtnView.h */ = {isa = PBXFileReference; lastKnownFileType = sourcecode.c.h; path = BussItemBtnView.h; sourceTree = "<group>"; };
		1A6304CD1FE2790D00AE1751 /* BussItemBtnView.m */ = {isa = PBXFileReference; lastKnownFileType = sourcecode.c.objc; path = BussItemBtnView.m; sourceTree = "<group>"; };
		1A6304CF1FE2791500AE1751 /* BussItemBtnView.xib */ = {isa = PBXFileReference; lastKnownFileType = file.xib; path = BussItemBtnView.xib; sourceTree = "<group>"; };
		1A6304D71FE3A41F00AE1751 /* BussinessTableViewCell.h */ = {isa = PBXFileReference; lastKnownFileType = sourcecode.c.h; path = BussinessTableViewCell.h; sourceTree = "<group>"; };
		1A6304D81FE3A41F00AE1751 /* BussinessTableViewCell.m */ = {isa = PBXFileReference; lastKnownFileType = sourcecode.c.objc; path = BussinessTableViewCell.m; sourceTree = "<group>"; };
		1A6304DA1FE3ACDB00AE1751 /* BussinessSubViewController.h */ = {isa = PBXFileReference; lastKnownFileType = sourcecode.c.h; path = BussinessSubViewController.h; sourceTree = "<group>"; };
		1A6304DB1FE3ACDB00AE1751 /* BussinessSubViewController.m */ = {isa = PBXFileReference; lastKnownFileType = sourcecode.c.objc; path = BussinessSubViewController.m; sourceTree = "<group>"; };
		1A6304DC1FE3ACDB00AE1751 /* BussinessSubViewController.xib */ = {isa = PBXFileReference; lastKnownFileType = file.xib; path = BussinessSubViewController.xib; sourceTree = "<group>"; };
		1A8F9ED61FE56DB400B062B1 /* PGIndexBannerSubiew.m */ = {isa = PBXFileReference; fileEncoding = 4; lastKnownFileType = sourcecode.c.objc; path = PGIndexBannerSubiew.m; sourceTree = "<group>"; };
		1A8F9ED71FE56DB400B062B1 /* NewPagedFlowView.m */ = {isa = PBXFileReference; fileEncoding = 4; lastKnownFileType = sourcecode.c.objc; path = NewPagedFlowView.m; sourceTree = "<group>"; };
		1A8F9ED81FE56DB400B062B1 /* PGIndexBannerSubiew.h */ = {isa = PBXFileReference; fileEncoding = 4; lastKnownFileType = sourcecode.c.h; path = PGIndexBannerSubiew.h; sourceTree = "<group>"; };
		1A8F9ED91FE56DB400B062B1 /* NewPagedFlowView.h */ = {isa = PBXFileReference; fileEncoding = 4; lastKnownFileType = sourcecode.c.h; path = NewPagedFlowView.h; sourceTree = "<group>"; };
		1A8F9EDC1FE657B300B062B1 /* CBSegmentView.h */ = {isa = PBXFileReference; fileEncoding = 4; lastKnownFileType = sourcecode.c.h; path = CBSegmentView.h; sourceTree = "<group>"; };
		1A8F9EDD1FE657B300B062B1 /* CBSegmentView.m */ = {isa = PBXFileReference; fileEncoding = 4; lastKnownFileType = sourcecode.c.objc; path = CBSegmentView.m; sourceTree = "<group>"; };
		3053E2B87EDCB750AFCF926B /* Pods-WisdomRiver.debug.xcconfig */ = {isa = PBXFileReference; includeInIndex = 1; lastKnownFileType = text.xcconfig; name = "Pods-WisdomRiver.debug.xcconfig"; path = "Pods/Target Support Files/Pods-WisdomRiver/Pods-WisdomRiver.debug.xcconfig"; sourceTree = "<group>"; };
		36E4BBA5093BC898F3DF8F2F /* Pods-WisdomRiver.release.xcconfig */ = {isa = PBXFileReference; includeInIndex = 1; lastKnownFileType = text.xcconfig; name = "Pods-WisdomRiver.release.xcconfig"; path = "Pods/Target Support Files/Pods-WisdomRiver/Pods-WisdomRiver.release.xcconfig"; sourceTree = "<group>"; };
		C1C4FF3A16DAF878FEC03101 /* libPods-WisdomRiver.a */ = {isa = PBXFileReference; explicitFileType = archive.ar; includeInIndex = 0; path = "libPods-WisdomRiver.a"; sourceTree = BUILT_PRODUCTS_DIR; };
/* End PBXFileReference section */

/* Begin PBXFrameworksBuildPhase section */
		1A63049D1FE2196300AE1751 /* Frameworks */ = {
			isa = PBXFrameworksBuildPhase;
			buildActionMask = 2147483647;
			files = (
				2F009ED99ED1713A8D96FC3A /* libPods-WisdomRiver.a in Frameworks */,
			);
			runOnlyForDeploymentPostprocessing = 0;
		};
/* End PBXFrameworksBuildPhase section */

/* Begin PBXGroup section */
		114CF59A1FE24FC9004B5701 /* Login&Register */ = {
			isa = PBXGroup;
			children = (
				114CF59B1FE250BD004B5701 /* LoginViewController.h */,
				114CF59C1FE250BD004B5701 /* LoginViewController.m */,
				114CF5A11FE26AEA004B5701 /* RegisterViewController.h */,
				114CF5A21FE26AEA004B5701 /* RegisterViewController.m */,
			);
			path = "Login&Register";
			sourceTree = "<group>";
		};
		114CF5A41FE26C68004B5701 /* Home */ = {
			isa = PBXGroup;
			children = (
				114CF5D11FE392AF004B5701 /* controllers */,
				114CF5AF1FE276FD004B5701 /* views */,
			);
			path = Home;
			sourceTree = "<group>";
		};
		114CF5AF1FE276FD004B5701 /* views */ = {
			isa = PBXGroup;
			children = (
				114CF5B01FE27718004B5701 /* HomeCell.h */,
				114CF5B11FE27718004B5701 /* HomeCell.m */,
				114CF5D51FE39DBF004B5701 /* CommonListCell.h */,
				114CF5D61FE39DBF004B5701 /* CommonListCell.m */,
				114CF5E41FE4E2C8004B5701 /* AppealCell.h */,
				114CF5E51FE4E2C8004B5701 /* AppealCell.m */,
				114CF5E61FE4E2C8004B5701 /* AppealCell.xib */,
				114CF5E91FE4F535004B5701 /* SelectionView.h */,
				114CF5EA1FE4F535004B5701 /* SelectionView.m */,
			);
			path = views;
			sourceTree = "<group>";
		};
		114CF5D11FE392AF004B5701 /* controllers */ = {
			isa = PBXGroup;
			children = (
				114CF5A51FE26C74004B5701 /* HomeViewController.h */,
				114CF5A61FE26C74004B5701 /* HomeViewController.m */,
				114CF5D21FE39334004B5701 /* CommonListViewController.h */,
				114CF5D31FE39334004B5701 /* CommonListViewController.m */,
				114CF5DB1FE3B35D004B5701 /* ItemDetailsViewController.h */,
				114CF5DC1FE3B35D004B5701 /* ItemDetailsViewController.m */,
				114CF5DE1FE3C7ED004B5701 /* HotNewsViewController.h */,
				114CF5DF1FE3C7ED004B5701 /* HotNewsViewController.m */,
				114CF5E11FE3CAFA004B5701 /* AppealViewController.h */,
				114CF5E21FE3CAFA004B5701 /* AppealViewController.m */,
				114CF5EC1FE502C5004B5701 /* AddCommitController.h */,
				114CF5ED1FE502C5004B5701 /* AddCommitController.m */,
				114CF5EE1FE502C5004B5701 /* AddCommitController.xib */,
			);
			path = controllers;
			sourceTree = "<group>";
		};
		11FE0AC21FE21DF500D10A5C /* Classes */ = {
			isa = PBXGroup;
			children = (
				1A6304C11FE2738F00AE1751 /* BussiniseService */,
				1A6304C01FE2738E00AE1751 /* Mine */,
				1A6304BF1FE2738E00AE1751 /* PublickSevise */,
				114CF5A41FE26C68004B5701 /* Home */,
				114CF59A1FE24FC9004B5701 /* Login&Register */,
				11FE0AFE1FE21E2100D10A5C /* BaseViewController */,
			);
			path = Classes;
			sourceTree = "<group>";
		};
		11FE0AC31FE21E1100D10A5C /* Tools */ = {
			isa = PBXGroup;
			children = (
				1A8F9EDC1FE657B300B062B1 /* CBSegmentView.h */,
				1A8F9EDD1FE657B300B062B1 /* CBSegmentView.m */,
				1A8F9ED51FE56DB400B062B1 /* 自定义banner */,
				11FE0B081FE21F6800D10A5C /* Category */,
				11FE0AC41FE21E1100D10A5C /* ImageCenterButton.h */,
				11FE0AC51FE21E1100D10A5C /* ImageCenterButton.m */,
				11FE0AC61FE21E1100D10A5C /* KRBaseTool.h */,
				11FE0AC71FE21E1100D10A5C /* KRBaseTool.m */,
				11FE0AC81FE21E1100D10A5C /* KRMainNetTool.h */,
				11FE0AC91FE21E1100D10A5C /* KRMainNetTool.m */,
				11FE0ACA1FE21E1100D10A5C /* KRUserInfo.h */,
				11FE0ACB1FE21E1100D10A5C /* KRUserInfo.m */,
				11FE0ACC1FE21E1100D10A5C /* LRMacroDefinitionHeader.h */,
				11FE0ACD1FE21E1100D10A5C /* NSString+LocaString.h */,
				11FE0ACE1FE21E1100D10A5C /* NSString+LocaString.m */,
				11FE0ACF1FE21E1100D10A5C /* Singleton.h */,
				11FE0AD21FE21E1100D10A5C /* TYPagerController */,
				11FE0ADC1FE21E1100D10A5C /* YHArcSlider.h */,
				11FE0ADD1FE21E1100D10A5C /* YHArcSlider.m */,
				11FE0ADE1FE21E1100D10A5C /* YHMath.h */,
				11FE0ADF1FE21E1100D10A5C /* YHMath.m */,
				11FE0AE01FE21E1100D10A5C /* 分类 */,
			);
			path = Tools;
			sourceTree = "<group>";
		};
		11FE0AD21FE21E1100D10A5C /* TYPagerController */ = {
			isa = PBXGroup;
			children = (
				11FE0AD31FE21E1100D10A5C /* TYPagerController.h */,
				11FE0AD41FE21E1100D10A5C /* TYPagerController.m */,
				11FE0AD51FE21E1100D10A5C /* TYTabButtonPagerController.h */,
				11FE0AD61FE21E1100D10A5C /* TYTabButtonPagerController.m */,
				11FE0AD71FE21E1100D10A5C /* TYTabPagerController.h */,
				11FE0AD81FE21E1100D10A5C /* TYTabPagerController.m */,
				11FE0AD91FE21E1100D10A5C /* TYTabTitleCellProtocol.h */,
				11FE0ADA1FE21E1100D10A5C /* TYTabTitleViewCell.h */,
				11FE0ADB1FE21E1100D10A5C /* TYTabTitleViewCell.m */,
			);
			path = TYPagerController;
			sourceTree = "<group>";
		};
		11FE0AE01FE21E1100D10A5C /* 分类 */ = {
			isa = PBXGroup;
			children = (
				11FE0AE11FE21E1100D10A5C /* MBProgressHUD+KR.h */,
				11FE0AE21FE21E1100D10A5C /* MBProgressHUD+KR.m */,
				11FE0AE31FE21E1100D10A5C /* MBProgressHUD.bundle */,
				11FE0AE41FE21E1100D10A5C /* NSObject+KRExtention.h */,
				11FE0AE51FE21E1100D10A5C /* NSObject+KRExtention.m */,
				11FE0AE61FE21E1100D10A5C /* NSString+CZNSStringExt.h */,
				11FE0AE71FE21E1100D10A5C /* NSString+CZNSStringExt.m */,
				11FE0AE81FE21E1100D10A5C /* UITableView+KREmptyData.h */,
				11FE0AE91FE21E1100D10A5C /* UITableView+KREmptyData.m */,
				11FE0AEA1FE21E1100D10A5C /* UIView+BorderLine.h */,
				11FE0AEB1FE21E1100D10A5C /* UIView+BorderLine.m */,
			);
			path = "分类";
			sourceTree = "<group>";
		};
		11FE0AFE1FE21E2100D10A5C /* BaseViewController */ = {
			isa = PBXGroup;
			children = (
				11FE0AFF1FE21E2100D10A5C /* BaseNaviViewController.h */,
				11FE0B001FE21E2100D10A5C /* BaseNaviViewController.m */,
				11FE0B011FE21E2100D10A5C /* BaseViewController.h */,
				11FE0B021FE21E2100D10A5C /* BaseViewController.m */,
				1A6304BC1FE26F1B00AE1751 /* BaseTabbarViewController.h */,
				1A6304BD1FE26F1B00AE1751 /* BaseTabbarViewController.m */,
				1A61F7F81FE75B9900C07E7C /* BaseWebViewController.h */,
				1A61F7F91FE75B9900C07E7C /* BaseWebViewController.m */,
			);
			path = BaseViewController;
			sourceTree = "<group>";
		};
		11FE0B061FE21E9B00D10A5C /* SupportFiles */ = {
			isa = PBXGroup;
			children = (
				1A6304A31FE2196400AE1751 /* AppDelegate.h */,
				1A6304A41FE2196400AE1751 /* AppDelegate.m */,
				1A6304AC1FE2196400AE1751 /* Assets.xcassets */,
				1A6304B11FE2196400AE1751 /* Info.plist */,
				1A6304B21FE2196400AE1751 /* main.m */,
				11FE0B051FE21E6200D10A5C /* PrefixHeader.pch */,
				11FE0B071FE21F3A00D10A5C /* Url.h */,
			);
			path = SupportFiles;
			sourceTree = "<group>";
		};
		11FE0B081FE21F6800D10A5C /* Category */ = {
			isa = PBXGroup;
			children = (
				11FE0B091FE21F6800D10A5C /* CALayer+CircleBoard.h */,
				11FE0B0A1FE21F6800D10A5C /* CALayer+CircleBoard.m */,
				11FE0B0B1FE21F6800D10A5C /* UIView+EX.h */,
				11FE0B0C1FE21F6800D10A5C /* UIView+EX.m */,
				114CF59E1FE258C2004B5701 /* UIImage+Color.h */,
				114CF59F1FE258C2004B5701 /* UIImage+Color.m */,
			);
			path = Category;
			sourceTree = "<group>";
		};
		1A6304971FE2196300AE1751 = {
			isa = PBXGroup;
			children = (
				1A6304A21FE2196400AE1751 /* WisdomRiver */,
				1A6304A11FE2196400AE1751 /* Products */,
				7733BA6F2455F5B3D2D9C9D8 /* Pods */,
				AD45EE018C1D3A81F33A2F82 /* Frameworks */,
				1A8F9ED41FE56CCD00B062B1 /* Recovered References */,
			);
			sourceTree = "<group>";
		};
		1A6304A11FE2196400AE1751 /* Products */ = {
			isa = PBXGroup;
			children = (
				1A6304A01FE2196400AE1751 /* WisdomRiver.app */,
			);
			name = Products;
			sourceTree = "<group>";
		};
		1A6304A21FE2196400AE1751 /* WisdomRiver */ = {
			isa = PBXGroup;
			children = (
				11FE0AC31FE21E1100D10A5C /* Tools */,
				11FE0AC21FE21DF500D10A5C /* Classes */,
				11FE0B061FE21E9B00D10A5C /* SupportFiles */,
			);
			path = WisdomRiver;
			sourceTree = "<group>";
		};
		1A6304BF1FE2738E00AE1751 /* PublickSevise */ = {
			isa = PBXGroup;
			children = (
				1A6304C81FE273B300AE1751 /* PublickViewController.h */,
				1A6304C91FE273B300AE1751 /* PublickViewController.m */,
				1A61F7F31FE750C900C07E7C /* PublicCollectionViewCell.h */,
				1A61F7F41FE750C900C07E7C /* PublicCollectionViewCell.m */,
				1A61F7F51FE750C900C07E7C /* PublicCollectionViewCell.xib */,
			);
			path = PublickSevise;
			sourceTree = "<group>";
		};
		1A6304C01FE2738E00AE1751 /* Mine */ = {
			isa = PBXGroup;
			children = (
				1A6304C21FE2739C00AE1751 /* MineViewController.h */,
				1A6304C31FE2739C00AE1751 /* MineViewController.m */,
			);
			path = Mine;
			sourceTree = "<group>";
		};
		1A6304C11FE2738F00AE1751 /* BussiniseService */ = {
			isa = PBXGroup;
			children = (
				1A6304CB1FE278F400AE1751 /* Views */,
				1A6304C51FE273A800AE1751 /* BussinessViewController.h */,
				1A6304C61FE273A800AE1751 /* BussinessViewController.m */,
				1A6304DA1FE3ACDB00AE1751 /* BussinessSubViewController.h */,
				1A6304DB1FE3ACDB00AE1751 /* BussinessSubViewController.m */,
				1A6304DC1FE3ACDB00AE1751 /* BussinessSubViewController.xib */,
				1A1A4D6E1FE4D8D300C66AA3 /* GoodsDetailViewController.h */,
				1A1A4D6F1FE4D8D300C66AA3 /* GoodsDetailViewController.m */,
				1A1A4D701FE4D8D300C66AA3 /* GoodsDetailViewController.xib */,
			);
			path = BussiniseService;
			sourceTree = "<group>";
		};
		1A6304CB1FE278F400AE1751 /* Views */ = {
			isa = PBXGroup;
			children = (
				1A6304CC1FE2790D00AE1751 /* BussItemBtnView.h */,
				1A6304CD1FE2790D00AE1751 /* BussItemBtnView.m */,
				1A6304CF1FE2791500AE1751 /* BussItemBtnView.xib */,
				1A6304D71FE3A41F00AE1751 /* BussinessTableViewCell.h */,
				1A6304D81FE3A41F00AE1751 /* BussinessTableViewCell.m */,
				1A1A4D691FE4CE2100C66AA3 /* BussinCollectionViewCell.h */,
				1A1A4D6A1FE4CE2100C66AA3 /* BussinCollectionViewCell.m */,
				1A1A4D6B1FE4CE2100C66AA3 /* BussinCollectionViewCell.xib */,
			);
			path = Views;
			sourceTree = "<group>";
		};
		1A8F9ED41FE56CCD00B062B1 /* Recovered References */ = {
			isa = PBXGroup;
			children = (
				114CF5B71FE2B581004B5701 /* PGIndexBannerSubiew.m */,
			);
			name = "Recovered References";
			sourceTree = "<group>";
		};
		1A8F9ED51FE56DB400B062B1 /* 自定义banner */ = {
			isa = PBXGroup;
			children = (
				1A8F9ED61FE56DB400B062B1 /* PGIndexBannerSubiew.m */,
				1A8F9ED71FE56DB400B062B1 /* NewPagedFlowView.m */,
				1A8F9ED81FE56DB400B062B1 /* PGIndexBannerSubiew.h */,
				1A8F9ED91FE56DB400B062B1 /* NewPagedFlowView.h */,
			);
			path = "自定义banner";
			sourceTree = "<group>";
		};
		7733BA6F2455F5B3D2D9C9D8 /* Pods */ = {
			isa = PBXGroup;
			children = (
				3053E2B87EDCB750AFCF926B /* Pods-WisdomRiver.debug.xcconfig */,
				36E4BBA5093BC898F3DF8F2F /* Pods-WisdomRiver.release.xcconfig */,
			);
			name = Pods;
			sourceTree = "<group>";
		};
		AD45EE018C1D3A81F33A2F82 /* Frameworks */ = {
			isa = PBXGroup;
			children = (
				C1C4FF3A16DAF878FEC03101 /* libPods-WisdomRiver.a */,
			);
			name = Frameworks;
			sourceTree = "<group>";
		};
/* End PBXGroup section */

/* Begin PBXNativeTarget section */
		1A63049F1FE2196300AE1751 /* WisdomRiver */ = {
			isa = PBXNativeTarget;
			buildConfigurationList = 1A6304B61FE2196400AE1751 /* Build configuration list for PBXNativeTarget "WisdomRiver" */;
			buildPhases = (
				DEA5B01DB077B355CDCF568E /* [CP] Check Pods Manifest.lock */,
				1A63049C1FE2196300AE1751 /* Sources */,
				1A63049D1FE2196300AE1751 /* Frameworks */,
				1A63049E1FE2196300AE1751 /* Resources */,
				B76C64FBC0862946B7F48E15 /* [CP] Embed Pods Frameworks */,
				6A83399515D42624067B4561 /* [CP] Copy Pods Resources */,
			);
			buildRules = (
			);
			dependencies = (
			);
			name = WisdomRiver;
			productName = WisdomRiver;
			productReference = 1A6304A01FE2196400AE1751 /* WisdomRiver.app */;
			productType = "com.apple.product-type.application";
		};
/* End PBXNativeTarget section */

/* Begin PBXProject section */
		1A6304981FE2196300AE1751 /* Project object */ = {
			isa = PBXProject;
			attributes = {
				LastUpgradeCheck = 0920;
				ORGANIZATIONNAME = "曾洪磊";
				TargetAttributes = {
					1A63049F1FE2196300AE1751 = {
						CreatedOnToolsVersion = 9.2;
						ProvisioningStyle = Automatic;
					};
				};
			};
			buildConfigurationList = 1A63049B1FE2196300AE1751 /* Build configuration list for PBXProject "WisdomRiver" */;
			compatibilityVersion = "Xcode 8.0";
			developmentRegion = en;
			hasScannedForEncodings = 0;
			knownRegions = (
				en,
				Base,
			);
			mainGroup = 1A6304971FE2196300AE1751;
			productRefGroup = 1A6304A11FE2196400AE1751 /* Products */;
			projectDirPath = "";
			projectRoot = "";
			targets = (
				1A63049F1FE2196300AE1751 /* WisdomRiver */,
			);
		};
/* End PBXProject section */

/* Begin PBXResourcesBuildPhase section */
		1A63049E1FE2196300AE1751 /* Resources */ = {
			isa = PBXResourcesBuildPhase;
			buildActionMask = 2147483647;
			files = (
				1A6304D01FE2791500AE1751 /* BussItemBtnView.xib in Resources */,
				11FE0AF91FE21E1200D10A5C /* MBProgressHUD.bundle in Resources */,
				114CF5F01FE502C5004B5701 /* AddCommitController.xib in Resources */,
				1A6304AD1FE2196400AE1751 /* Assets.xcassets in Resources */,
				114CF5E81FE4E2C8004B5701 /* AppealCell.xib in Resources */,
				1A61F7F71FE750C900C07E7C /* PublicCollectionViewCell.xib in Resources */,
				1A6304DE1FE3ACDB00AE1751 /* BussinessSubViewController.xib in Resources */,
				1A1A4D721FE4D8D300C66AA3 /* GoodsDetailViewController.xib in Resources */,
				1A1A4D6D1FE4CE2100C66AA3 /* BussinCollectionViewCell.xib in Resources */,
			);
			runOnlyForDeploymentPostprocessing = 0;
		};
/* End PBXResourcesBuildPhase section */

/* Begin PBXShellScriptBuildPhase section */
		6A83399515D42624067B4561 /* [CP] Copy Pods Resources */ = {
			isa = PBXShellScriptBuildPhase;
			buildActionMask = 2147483647;
			files = (
			);
			inputPaths = (
				"${SRCROOT}/Pods/Target Support Files/Pods-WisdomRiver/Pods-WisdomRiver-resources.sh",
				"${PODS_ROOT}/IQKeyboardManager/IQKeyboardManager/Resources/IQKeyboardManager.bundle",
				"${PODS_ROOT}/MJRefresh/MJRefresh/MJRefresh.bundle",
			);
			name = "[CP] Copy Pods Resources";
			outputPaths = (
				"${TARGET_BUILD_DIR}/${UNLOCALIZED_RESOURCES_FOLDER_PATH}",
			);
			runOnlyForDeploymentPostprocessing = 0;
			shellPath = /bin/sh;
			shellScript = "\"${SRCROOT}/Pods/Target Support Files/Pods-WisdomRiver/Pods-WisdomRiver-resources.sh\"\n";
			showEnvVarsInLog = 0;
		};
		B76C64FBC0862946B7F48E15 /* [CP] Embed Pods Frameworks */ = {
			isa = PBXShellScriptBuildPhase;
			buildActionMask = 2147483647;
			files = (
			);
			inputPaths = (
			);
			name = "[CP] Embed Pods Frameworks";
			outputPaths = (
			);
			runOnlyForDeploymentPostprocessing = 0;
			shellPath = /bin/sh;
			shellScript = "\"${SRCROOT}/Pods/Target Support Files/Pods-WisdomRiver/Pods-WisdomRiver-frameworks.sh\"\n";
			showEnvVarsInLog = 0;
		};
		DEA5B01DB077B355CDCF568E /* [CP] Check Pods Manifest.lock */ = {
			isa = PBXShellScriptBuildPhase;
			buildActionMask = 2147483647;
			files = (
			);
			inputPaths = (
				"${PODS_PODFILE_DIR_PATH}/Podfile.lock",
				"${PODS_ROOT}/Manifest.lock",
			);
			name = "[CP] Check Pods Manifest.lock";
			outputPaths = (
				"$(DERIVED_FILE_DIR)/Pods-WisdomRiver-checkManifestLockResult.txt",
			);
			runOnlyForDeploymentPostprocessing = 0;
			shellPath = /bin/sh;
			shellScript = "diff \"${PODS_PODFILE_DIR_PATH}/Podfile.lock\" \"${PODS_ROOT}/Manifest.lock\" > /dev/null\nif [ $? != 0 ] ; then\n    # print error to STDERR\n    echo \"error: The sandbox is not in sync with the Podfile.lock. Run 'pod install' or update your CocoaPods installation.\" >&2\n    exit 1\nfi\n";
			showEnvVarsInLog = 0;
		};
/* End PBXShellScriptBuildPhase section */

/* Begin PBXSourcesBuildPhase section */
		1A63049C1FE2196300AE1751 /* Sources */ = {
			isa = PBXSourcesBuildPhase;
			buildActionMask = 2147483647;
			files = (
				11FE0AF41FE21E1200D10A5C /* TYTabPagerController.m in Sources */,
				1A61F7FA1FE75B9900C07E7C /* BaseWebViewController.m in Sources */,
				114CF59D1FE250BD004B5701 /* LoginViewController.m in Sources */,
				114CF5DD1FE3B35D004B5701 /* ItemDetailsViewController.m in Sources */,
				11FE0AF31FE21E1200D10A5C /* TYTabButtonPagerController.m in Sources */,
				1A1A4D6C1FE4CE2100C66AA3 /* BussinCollectionViewCell.m in Sources */,
				11FE0B0D1FE21F6900D10A5C /* CALayer+CircleBoard.m in Sources */,
				1A8F9EDA1FE56DB400B062B1 /* PGIndexBannerSubiew.m in Sources */,
				11FE0AED1FE21E1200D10A5C /* KRBaseTool.m in Sources */,
				11FE0AF51FE21E1200D10A5C /* TYTabTitleViewCell.m in Sources */,
				114CF5E31FE3CAFA004B5701 /* AppealViewController.m in Sources */,
				1A8F9EDB1FE56DB400B062B1 /* NewPagedFlowView.m in Sources */,
				114CF5B21FE27718004B5701 /* HomeCell.m in Sources */,
				1A1A4D711FE4D8D300C66AA3 /* GoodsDetailViewController.m in Sources */,
				11FE0AFD1FE21E1200D10A5C /* UIView+BorderLine.m in Sources */,
				114CF5EB1FE4F535004B5701 /* SelectionView.m in Sources */,
				1A6304C71FE273A800AE1751 /* BussinessViewController.m in Sources */,
				11FE0AF01FE21E1200D10A5C /* NSString+LocaString.m in Sources */,
				11FE0B0E1FE21F6900D10A5C /* UIView+EX.m in Sources */,
				11FE0B031FE21E2100D10A5C /* BaseNaviViewController.m in Sources */,
				11FE0AFA1FE21E1200D10A5C /* NSObject+KRExtention.m in Sources */,
				114CF5EF1FE502C5004B5701 /* AddCommitController.m in Sources */,
				114CF5E01FE3C7ED004B5701 /* HotNewsViewController.m in Sources */,
				11FE0AFB1FE21E1200D10A5C /* NSString+CZNSStringExt.m in Sources */,
				11FE0AF21FE21E1200D10A5C /* TYPagerController.m in Sources */,
				11FE0AF61FE21E1200D10A5C /* YHArcSlider.m in Sources */,
				11FE0B041FE21E2100D10A5C /* BaseViewController.m in Sources */,
				114CF5D41FE39334004B5701 /* CommonListViewController.m in Sources */,
				1A61F7F61FE750C900C07E7C /* PublicCollectionViewCell.m in Sources */,
				1A6304C41FE2739C00AE1751 /* MineViewController.m in Sources */,
				114CF5A31FE26AEA004B5701 /* RegisterViewController.m in Sources */,
				11FE0AFC1FE21E1200D10A5C /* UITableView+KREmptyData.m in Sources */,
				1A6304CA1FE273B300AE1751 /* PublickViewController.m in Sources */,
				1A6304CE1FE2790D00AE1751 /* BussItemBtnView.m in Sources */,
				1A6304D91FE3A41F00AE1751 /* BussinessTableViewCell.m in Sources */,
				1A6304B31FE2196400AE1751 /* main.m in Sources */,
				114CF5D71FE39DBF004B5701 /* CommonListCell.m in Sources */,
				1A6304BE1FE26F1B00AE1751 /* BaseTabbarViewController.m in Sources */,
				11FE0AF81FE21E1200D10A5C /* MBProgressHUD+KR.m in Sources */,
				11FE0AEE1FE21E1200D10A5C /* KRMainNetTool.m in Sources */,
				11FE0AEF1FE21E1200D10A5C /* KRUserInfo.m in Sources */,
				1A8F9EDE1FE657B400B062B1 /* CBSegmentView.m in Sources */,
				11FE0AEC1FE21E1200D10A5C /* ImageCenterButton.m in Sources */,
				114CF5A01FE258C2004B5701 /* UIImage+Color.m in Sources */,
				1A6304A51FE2196400AE1751 /* AppDelegate.m in Sources */,
				114CF5E71FE4E2C8004B5701 /* AppealCell.m in Sources */,
				11FE0AF71FE21E1200D10A5C /* YHMath.m in Sources */,
				1A6304DD1FE3ACDB00AE1751 /* BussinessSubViewController.m in Sources */,
				114CF5A71FE26C74004B5701 /* HomeViewController.m in Sources */,
			);
			runOnlyForDeploymentPostprocessing = 0;
		};
/* End PBXSourcesBuildPhase section */

/* Begin XCBuildConfiguration section */
		1A6304B41FE2196400AE1751 /* Debug */ = {
			isa = XCBuildConfiguration;
			buildSettings = {
				ALWAYS_SEARCH_USER_PATHS = NO;
				CLANG_ANALYZER_NONNULL = YES;
				CLANG_ANALYZER_NUMBER_OBJECT_CONVERSION = YES_AGGRESSIVE;
				CLANG_CXX_LANGUAGE_STANDARD = "gnu++14";
				CLANG_CXX_LIBRARY = "libc++";
				CLANG_ENABLE_MODULES = YES;
				CLANG_ENABLE_OBJC_ARC = YES;
				CLANG_WARN_BLOCK_CAPTURE_AUTORELEASING = YES;
				CLANG_WARN_BOOL_CONVERSION = YES;
				CLANG_WARN_COMMA = YES;
				CLANG_WARN_CONSTANT_CONVERSION = YES;
				CLANG_WARN_DIRECT_OBJC_ISA_USAGE = YES_ERROR;
				CLANG_WARN_DOCUMENTATION_COMMENTS = YES;
				CLANG_WARN_EMPTY_BODY = YES;
				CLANG_WARN_ENUM_CONVERSION = YES;
				CLANG_WARN_INFINITE_RECURSION = YES;
				CLANG_WARN_INT_CONVERSION = YES;
				CLANG_WARN_NON_LITERAL_NULL_CONVERSION = YES;
				CLANG_WARN_OBJC_LITERAL_CONVERSION = YES;
				CLANG_WARN_OBJC_ROOT_CLASS = YES_ERROR;
				CLANG_WARN_RANGE_LOOP_ANALYSIS = YES;
				CLANG_WARN_STRICT_PROTOTYPES = YES;
				CLANG_WARN_SUSPICIOUS_MOVE = YES;
				CLANG_WARN_UNGUARDED_AVAILABILITY = YES_AGGRESSIVE;
				CLANG_WARN_UNREACHABLE_CODE = YES;
				CLANG_WARN__DUPLICATE_METHOD_MATCH = YES;
				CODE_SIGN_IDENTITY = "iPhone Developer";
				COPY_PHASE_STRIP = NO;
				DEBUG_INFORMATION_FORMAT = dwarf;
				ENABLE_STRICT_OBJC_MSGSEND = YES;
				ENABLE_TESTABILITY = YES;
				GCC_C_LANGUAGE_STANDARD = gnu11;
				GCC_DYNAMIC_NO_PIC = NO;
				GCC_NO_COMMON_BLOCKS = YES;
				GCC_OPTIMIZATION_LEVEL = 0;
				GCC_PREPROCESSOR_DEFINITIONS = (
					"DEBUG=1",
					"$(inherited)",
				);
				GCC_WARN_64_TO_32_BIT_CONVERSION = YES;
				GCC_WARN_ABOUT_RETURN_TYPE = YES_ERROR;
				GCC_WARN_UNDECLARED_SELECTOR = YES;
				GCC_WARN_UNINITIALIZED_AUTOS = YES_AGGRESSIVE;
				GCC_WARN_UNUSED_FUNCTION = YES;
				GCC_WARN_UNUSED_VARIABLE = YES;
				IPHONEOS_DEPLOYMENT_TARGET = 11.2;
				MTL_ENABLE_DEBUG_INFO = YES;
				ONLY_ACTIVE_ARCH = YES;
				SDKROOT = iphoneos;
			};
			name = Debug;
		};
		1A6304B51FE2196400AE1751 /* Release */ = {
			isa = XCBuildConfiguration;
			buildSettings = {
				ALWAYS_SEARCH_USER_PATHS = NO;
				CLANG_ANALYZER_NONNULL = YES;
				CLANG_ANALYZER_NUMBER_OBJECT_CONVERSION = YES_AGGRESSIVE;
				CLANG_CXX_LANGUAGE_STANDARD = "gnu++14";
				CLANG_CXX_LIBRARY = "libc++";
				CLANG_ENABLE_MODULES = YES;
				CLANG_ENABLE_OBJC_ARC = YES;
				CLANG_WARN_BLOCK_CAPTURE_AUTORELEASING = YES;
				CLANG_WARN_BOOL_CONVERSION = YES;
				CLANG_WARN_COMMA = YES;
				CLANG_WARN_CONSTANT_CONVERSION = YES;
				CLANG_WARN_DIRECT_OBJC_ISA_USAGE = YES_ERROR;
				CLANG_WARN_DOCUMENTATION_COMMENTS = YES;
				CLANG_WARN_EMPTY_BODY = YES;
				CLANG_WARN_ENUM_CONVERSION = YES;
				CLANG_WARN_INFINITE_RECURSION = YES;
				CLANG_WARN_INT_CONVERSION = YES;
				CLANG_WARN_NON_LITERAL_NULL_CONVERSION = YES;
				CLANG_WARN_OBJC_LITERAL_CONVERSION = YES;
				CLANG_WARN_OBJC_ROOT_CLASS = YES_ERROR;
				CLANG_WARN_RANGE_LOOP_ANALYSIS = YES;
				CLANG_WARN_STRICT_PROTOTYPES = YES;
				CLANG_WARN_SUSPICIOUS_MOVE = YES;
				CLANG_WARN_UNGUARDED_AVAILABILITY = YES_AGGRESSIVE;
				CLANG_WARN_UNREACHABLE_CODE = YES;
				CLANG_WARN__DUPLICATE_METHOD_MATCH = YES;
				CODE_SIGN_IDENTITY = "iPhone Developer";
				COPY_PHASE_STRIP = NO;
				DEBUG_INFORMATION_FORMAT = "dwarf-with-dsym";
				ENABLE_NS_ASSERTIONS = NO;
				ENABLE_STRICT_OBJC_MSGSEND = YES;
				GCC_C_LANGUAGE_STANDARD = gnu11;
				GCC_NO_COMMON_BLOCKS = YES;
				GCC_WARN_64_TO_32_BIT_CONVERSION = YES;
				GCC_WARN_ABOUT_RETURN_TYPE = YES_ERROR;
				GCC_WARN_UNDECLARED_SELECTOR = YES;
				GCC_WARN_UNINITIALIZED_AUTOS = YES_AGGRESSIVE;
				GCC_WARN_UNUSED_FUNCTION = YES;
				GCC_WARN_UNUSED_VARIABLE = YES;
				IPHONEOS_DEPLOYMENT_TARGET = 11.2;
				MTL_ENABLE_DEBUG_INFO = NO;
				SDKROOT = iphoneos;
				VALIDATE_PRODUCT = YES;
			};
			name = Release;
		};
		1A6304B71FE2196400AE1751 /* Debug */ = {
			isa = XCBuildConfiguration;
			baseConfigurationReference = 3053E2B87EDCB750AFCF926B /* Pods-WisdomRiver.debug.xcconfig */;
			buildSettings = {
				ASSETCATALOG_COMPILER_APPICON_NAME = AppIcon;
				CODE_SIGN_STYLE = Automatic;
				DEVELOPMENT_TEAM = XZN34NH8JQ;
				GCC_PREFIX_HEADER = WisdomRiver/SupportFiles/PrefixHeader.pch;
				INFOPLIST_FILE = "$(SRCROOT)/WisdomRiver/SupportFiles/Info.plist";
				IPHONEOS_DEPLOYMENT_TARGET = 8.0;
				LD_RUNPATH_SEARCH_PATHS = "$(inherited) @executable_path/Frameworks";
				PRODUCT_BUNDLE_IDENTIFIER = text.WisdomRiver;
				PRODUCT_NAME = "$(TARGET_NAME)";
				TARGETED_DEVICE_FAMILY = "1,2";
			};
			name = Debug;
		};
		1A6304B81FE2196400AE1751 /* Release */ = {
			isa = XCBuildConfiguration;
			baseConfigurationReference = 36E4BBA5093BC898F3DF8F2F /* Pods-WisdomRiver.release.xcconfig */;
			buildSettings = {
				ASSETCATALOG_COMPILER_APPICON_NAME = AppIcon;
				CODE_SIGN_STYLE = Automatic;
				DEVELOPMENT_TEAM = XZN34NH8JQ;
				GCC_PREFIX_HEADER = WisdomRiver/SupportFiles/PrefixHeader.pch;
				INFOPLIST_FILE = "$(SRCROOT)/WisdomRiver/SupportFiles/Info.plist";
				IPHONEOS_DEPLOYMENT_TARGET = 8.0;
				LD_RUNPATH_SEARCH_PATHS = "$(inherited) @executable_path/Frameworks";
				PRODUCT_BUNDLE_IDENTIFIER = text.WisdomRiver;
				PRODUCT_NAME = "$(TARGET_NAME)";
				TARGETED_DEVICE_FAMILY = "1,2";
			};
			name = Release;
		};
/* End XCBuildConfiguration section */

/* Begin XCConfigurationList section */
		1A63049B1FE2196300AE1751 /* Build configuration list for PBXProject "WisdomRiver" */ = {
			isa = XCConfigurationList;
			buildConfigurations = (
				1A6304B41FE2196400AE1751 /* Debug */,
				1A6304B51FE2196400AE1751 /* Release */,
			);
			defaultConfigurationIsVisible = 0;
			defaultConfigurationName = Release;
		};
		1A6304B61FE2196400AE1751 /* Build configuration list for PBXNativeTarget "WisdomRiver" */ = {
			isa = XCConfigurationList;
			buildConfigurations = (
				1A6304B71FE2196400AE1751 /* Debug */,
				1A6304B81FE2196400AE1751 /* Release */,
			);
			defaultConfigurationIsVisible = 0;
			defaultConfigurationName = Release;
		};
/* End XCConfigurationList section */
	};
	rootObject = 1A6304981FE2196300AE1751 /* Project object */;
}
